
Microsoft Visual Studio Solution File, Format Version 12.00
# Visual Studio Version 17
VisualStudioVersion = 17.14.36623.8
MinimumVisualStudioVersion = 10.0.40219.1
Project("{2150E333-8FDC-42A3-9474-1A3956D46DE8}") = "Services", "Services", "{02EA681E-C7D8-13C7-8484-4AC65E1B71E8}"
EndProject
Project("{2150E333-8FDC-42A3-9474-1A3956D46DE8}") = "Catalog", "Catalog", "{22EA4D7A-7CD3-47EF-88AD-F95D86A54757}"
EndProject
Project("{FAE04EC0-301F-11D3-BF4B-00C04F79EFBC}") = "Catalog.API", "Services\Catalog\Catalog.API\Catalog.API.csproj", "{D0F3B78A-BA2F-4E0D-B213-60671C5ECBCD}"
EndProject
Project("{2150E333-8FDC-42A3-9474-1A3956D46DE8}") = "BuildingBlocks", "BuildingBlocks", "{1ECA6169-8A2A-4290-B478-EAE9902FD9DD}"
EndProject
Project("{FAE04EC0-301F-11D3-BF4B-00C04F79EFBC}") = "BuildingBlocks", "BuildingBlocks\BuildingBlocks\BuildingBlocks.csproj", "{8EFF5A92-737B-459D-A718-3B4EB564EB50}"
EndProject
Global
	GlobalSection(SolutionConfigurationPlatforms) = preSolution
		Debug|Any CPU = Debug|Any CPU
		Release|Any CPU = Release|Any CPU
	EndGlobalSection
	GlobalSection(ProjectConfigurationPlatforms) = postSolution
		{D0F3B78A-BA2F-4E0D-B213-60671C5ECBCD}.Debug|Any CPU.ActiveCfg = Debug|Any CPU
		{D0F3B78A-BA2F-4E0D-B213-60671C5ECBCD}.Debug|Any CPU.Build.0 = Debug|Any CPU
		{D0F3B78A-BA2F-4E0D-B213-60671C5ECBCD}.Release|Any CPU.ActiveCfg = Release|Any CPU
		{D0F3B78A-BA2F-4E0D-B213-60671C5ECBCD}.Release|Any CPU.Build.0 = Release|Any CPU
		{8EFF5A92-737B-459D-A718-3B4EB564EB50}.Debug|Any CPU.ActiveCfg = Debug|Any CPU
		{8EFF5A92-737B-459D-A718-3B4EB564EB50}.Debug|Any CPU.Build.0 = Debug|Any CPU
		{8EFF5A92-737B-459D-A718-3B4EB564EB50}.Release|Any CPU.ActiveCfg = Release|Any CPU
		{8EFF5A92-737B-459D-A718-3B4EB564EB50}.Release|Any CPU.Build.0 = Release|Any CPU
	EndGlobalSection
	GlobalSection(SolutionProperties) = preSolution
		HideSolutionNode = FALSE
	EndGlobalSection
	GlobalSection(NestedProjects) = preSolution
		{22EA4D7A-7CD3-47EF-88AD-F95D86A54757} = {02EA681E-C7D8-13C7-8484-4AC65E1B71E8}
		{D0F3B78A-BA2F-4E0D-B213-60671C5ECBCD} = {22EA4D7A-7CD3-47EF-88AD-F95D86A54757}
		{8EFF5A92-737B-459D-A718-3B4EB564EB50} = {1ECA6169-8A2A-4290-B478-EAE9902FD9DD}
	EndGlobalSection
	GlobalSection(ExtensibilityGlobals) = postSolution
		SolutionGuid = {E0E74121-5B23-455C-8F14-8373EC9AFAE2}
	EndGlobalSection
EndGlobal
